
Microsoft Visual Studio Solution File, Format Version 12.00
# Visual Studio 14
VisualStudioVersion = 14.0.25420.1
MinimumVisualStudioVersion = 10.0.40219.1
Project("{FAE04EC0-301F-11D3-BF4B-00C04F79EFBC}") = "HugeArray", "HugeArray\HugeArray.csproj", "{938DDF51-F965-458B-8D87-46492257440C}"
EndProject
Project("{FAE04EC0-301F-11D3-BF4B-00C04F79EFBC}") = "HugeArrayTests", "HugeArrayTests\HugeArrayTests.csproj", "{317B39DC-6F93-41C9-B737-D24A3CA44127}"
EndProject
Global
	GlobalSection(SolutionConfigurationPlatforms) = preSolution
		Debug|Any CPU = Debug|Any CPU
		Release|Any CPU = Release|Any CPU
	EndGlobalSection
	GlobalSection(ProjectConfigurationPlatforms) = postSolution
		{938DDF51-F965-458B-8D87-46492257440C}.Debug|Any CPU.ActiveCfg = Debug|Any CPU
		{938DDF51-F965-458B-8D87-46492257440C}.Debug|Any CPU.Build.0 = Debug|Any CPU
		{938DDF51-F965-458B-8D87-46492257440C}.Release|Any CPU.ActiveCfg = Release|Any CPU
		{938DDF51-F965-458B-8D87-46492257440C}.Release|Any CPU.Build.0 = Release|Any CPU
		{317B39DC-6F93-41C9-B737-D24A3CA44127}.Debug|Any CPU.ActiveCfg = Debug|Any CPU
		{317B39DC-6F93-41C9-B737-D24A3CA44127}.Debug|Any CPU.Build.0 = Debug|Any CPU
		{317B39DC-6F93-41C9-B737-D24A3CA44127}.Release|Any CPU.ActiveCfg = Release|Any CPU
		{317B39DC-6F93-41C9-B737-D24A3CA44127}.Release|Any CPU.Build.0 = Release|Any CPU
	EndGlobalSection
	GlobalSection(SolutionProperties) = preSolution
		HideSolutionNode = FALSE
	EndGlobalSection
EndGlobal
